
Microsoft Visual Studio Solution File, Format Version 12.00
# Visual Studio Version 17
VisualStudioVersion = 17.13.35931.197 d17.13
MinimumVisualStudioVersion = 10.0.40219.1
Project("{FAE04EC0-301F-11D3-BF4B-00C04F79EFBC}") = "FirgurasAreaPerimetro", "FirgurasAreaPerimetro\FirgurasAreaPerimetro.csproj", "{D7F9C47F-BCAE-40AA-97F6-B7A776382CCE}"
EndProject
Global
	GlobalSection(SolutionConfigurationPlatforms) = preSolution
		Debug|Any CPU = Debug|Any CPU
		Release|Any CPU = Release|Any CPU
	EndGlobalSection
	GlobalSection(ProjectConfigurationPlatforms) = postSolution
		{D7F9C47F-BCAE-40AA-97F6-B7A776382CCE}.Debug|Any CPU.ActiveCfg = Debug|Any CPU
		{D7F9C47F-BCAE-40AA-97F6-B7A776382CCE}.Debug|Any CPU.Build.0 = Debug|Any CPU
		{D7F9C47F-BCAE-40AA-97F6-B7A776382CCE}.Release|Any CPU.ActiveCfg = Release|Any CPU
		{D7F9C47F-BCAE-40AA-97F6-B7A776382CCE}.Release|Any CPU.Build.0 = Release|Any CPU
	EndGlobalSection
	GlobalSection(SolutionProperties) = preSolution
		HideSolutionNode = FALSE
	EndGlobalSection
	GlobalSection(ExtensibilityGlobals) = postSolution
		SolutionGuid = {678DCACB-BED8-418E-AEDE-E55311D490CA}
	EndGlobalSection
EndGlobal
